
Microsoft Visual Studio Solution File, Format Version 12.00
# Visual Studio Version 16
VisualStudioVersion = 16.0.31410.357
MinimumVisualStudioVersion = 10.0.40219.1
Project("{9A19103F-16F7-4668-BE54-9A1E7A4F7556}") = "ShopApp.Entities", "ShopApp.Entities\ShopApp.Entities.csproj", "{4A760165-E9C4-42F9-B8F1-EC2BCE6AB7E0}"
EndProject
Project("{9A19103F-16F7-4668-BE54-9A1E7A4F7556}") = "ShopApp.DataAccess", "ShopApp.DataAccess\ShopApp.DataAccess.csproj", "{980D44BC-2BD2-48C6-A844-601D175124AD}"
EndProject
Project("{9A19103F-16F7-4668-BE54-9A1E7A4F7556}") = "ShopApp.Business", "ShopApp.Business\ShopApp.Business.csproj", "{079705D2-BCC3-4476-B77E-4936992CDB81}"
EndProject
Project("{9A19103F-16F7-4668-BE54-9A1E7A4F7556}") = "ShopApp.WebUI", "ShopApp.WebUI\ShopApp.WebUI.csproj", "{DDC71AF7-F454-494C-91E8-A893F35DDB8E}"
EndProject
Global
	GlobalSection(SolutionConfigurationPlatforms) = preSolution
		Debug|Any CPU = Debug|Any CPU
		Release|Any CPU = Release|Any CPU
	EndGlobalSection
	GlobalSection(ProjectConfigurationPlatforms) = postSolution
		{4A760165-E9C4-42F9-B8F1-EC2BCE6AB7E0}.Debug|Any CPU.ActiveCfg = Debug|Any CPU
		{4A760165-E9C4-42F9-B8F1-EC2BCE6AB7E0}.Debug|Any CPU.Build.0 = Debug|Any CPU
		{4A760165-E9C4-42F9-B8F1-EC2BCE6AB7E0}.Release|Any CPU.ActiveCfg = Release|Any CPU
		{4A760165-E9C4-42F9-B8F1-EC2BCE6AB7E0}.Release|Any CPU.Build.0 = Release|Any CPU
		{980D44BC-2BD2-48C6-A844-601D175124AD}.Debug|Any CPU.ActiveCfg = Debug|Any CPU
		{980D44BC-2BD2-48C6-A844-601D175124AD}.Debug|Any CPU.Build.0 = Debug|Any CPU
		{980D44BC-2BD2-48C6-A844-601D175124AD}.Release|Any CPU.ActiveCfg = Release|Any CPU
		{980D44BC-2BD2-48C6-A844-601D175124AD}.Release|Any CPU.Build.0 = Release|Any CPU
		{079705D2-BCC3-4476-B77E-4936992CDB81}.Debug|Any CPU.ActiveCfg = Debug|Any CPU
		{079705D2-BCC3-4476-B77E-4936992CDB81}.Debug|Any CPU.Build.0 = Debug|Any CPU
		{079705D2-BCC3-4476-B77E-4936992CDB81}.Release|Any CPU.ActiveCfg = Release|Any CPU
		{079705D2-BCC3-4476-B77E-4936992CDB81}.Release|Any CPU.Build.0 = Release|Any CPU
		{DDC71AF7-F454-494C-91E8-A893F35DDB8E}.Debug|Any CPU.ActiveCfg = Debug|Any CPU
		{DDC71AF7-F454-494C-91E8-A893F35DDB8E}.Debug|Any CPU.Build.0 = Debug|Any CPU
		{DDC71AF7-F454-494C-91E8-A893F35DDB8E}.Release|Any CPU.ActiveCfg = Release|Any CPU
		{DDC71AF7-F454-494C-91E8-A893F35DDB8E}.Release|Any CPU.Build.0 = Release|Any CPU
	EndGlobalSection
	GlobalSection(SolutionProperties) = preSolution
		HideSolutionNode = FALSE
	EndGlobalSection
	GlobalSection(ExtensibilityGlobals) = postSolution
		SolutionGuid = {4C496F53-64B3-4D9A-B2AE-CBAE4E5A8124}
	EndGlobalSection
EndGlobal
